
Microsoft Visual Studio Solution File, Format Version 12.00
# Visual Studio 2012
Project("{8BC9CEB8-8B4A-11D0-8D11-00A0C91BC942}") = "Solfisk", "Solfisk.vcxproj", "{1BC2A047-1694-4C8A-AF3F-EF8635172D08}"
EndProject
Project("{8BC9CEB8-8B4A-11D0-8D11-00A0C91BC942}") = "BaseInfoWriter", "BaseInfoWriter\BaseInfoWriter.vcxproj", "{0024292A-1534-47CC-8B61-AF6677DE932F}"
EndProject
Global
	GlobalSection(SolutionConfigurationPlatforms) = preSolution
		Debug|Win32 = Debug|Win32
		Release|Win32 = Release|Win32
		SpecialRelease|Win32 = SpecialRelease|Win32
	EndGlobalSection
	GlobalSection(ProjectConfigurationPlatforms) = postSolution
		{1BC2A047-1694-4C8A-AF3F-EF8635172D08}.Debug|Win32.ActiveCfg = Debug|Win32
		{1BC2A047-1694-4C8A-AF3F-EF8635172D08}.Debug|Win32.Build.0 = Debug|Win32
		{1BC2A047-1694-4C8A-AF3F-EF8635172D08}.Release|Win32.ActiveCfg = Release|Win32
		{1BC2A047-1694-4C8A-AF3F-EF8635172D08}.Release|Win32.Build.0 = Release|Win32
		{1BC2A047-1694-4C8A-AF3F-EF8635172D08}.SpecialRelease|Win32.ActiveCfg = SpecialRelease|Win32
		{1BC2A047-1694-4C8A-AF3F-EF8635172D08}.SpecialRelease|Win32.Build.0 = SpecialRelease|Win32
		{0024292A-1534-47CC-8B61-AF6677DE932F}.Debug|Win32.ActiveCfg = Debug|Win32
		{0024292A-1534-47CC-8B61-AF6677DE932F}.Debug|Win32.Build.0 = Debug|Win32
		{0024292A-1534-47CC-8B61-AF6677DE932F}.Release|Win32.ActiveCfg = Release|Win32
		{0024292A-1534-47CC-8B61-AF6677DE932F}.Release|Win32.Build.0 = Release|Win32
		{0024292A-1534-47CC-8B61-AF6677DE932F}.SpecialRelease|Win32.ActiveCfg = Release|Win32
		{0024292A-1534-47CC-8B61-AF6677DE932F}.SpecialRelease|Win32.Build.0 = Release|Win32
	EndGlobalSection
	GlobalSection(SolutionProperties) = preSolution
		HideSolutionNode = FALSE
	EndGlobalSection
EndGlobal
